
Microsoft Visual Studio Solution File, Format Version 12.00
# Visual Studio Version 17
VisualStudioVersion = 17.12.35506.116 d17.12
MinimumVisualStudioVersion = 10.0.40219.1
Project("{FAE04EC0-301F-11D3-BF4B-00C04F79EFBC}") = "MathCTC", "MathCTC\MathCTC.csproj", "{2512C732-4B20-4DD5-9595-7485F723D89E}"
EndProject
Global
	GlobalSection(SolutionConfigurationPlatforms) = preSolution
		Debug|Any CPU = Debug|Any CPU
		Release|Any CPU = Release|Any CPU
	EndGlobalSection
	GlobalSection(ProjectConfigurationPlatforms) = postSolution
		{2512C732-4B20-4DD5-9595-7485F723D89E}.Debug|Any CPU.ActiveCfg = Debug|Any CPU
		{2512C732-4B20-4DD5-9595-7485F723D89E}.Debug|Any CPU.Build.0 = Debug|Any CPU
		{2512C732-4B20-4DD5-9595-7485F723D89E}.Release|Any CPU.ActiveCfg = Release|Any CPU
		{2512C732-4B20-4DD5-9595-7485F723D89E}.Release|Any CPU.Build.0 = Release|Any CPU
	EndGlobalSection
	GlobalSection(SolutionProperties) = preSolution
		HideSolutionNode = FALSE
	EndGlobalSection
EndGlobal
